
Microsoft Visual Studio Solution File, Format Version 11.00
# Visual Studio 2010
Project("{FAE04EC0-301F-11D3-BF4B-00C04F79EFBC}") = "WowLogAnalyzer", "WowLogAnalyzer\WowLogAnalyzer.csproj", "{7D70DA38-EEC9-4FA6-B179-913CD6A76AC0}"
EndProject
Project("{FAE04EC0-301F-11D3-BF4B-00C04F79EFBC}") = "WowData", "WowData\WowData.csproj", "{F63FB999-2395-47D6-95E9-4CD63EEAEA08}"
EndProject
Project("{FAE04EC0-301F-11D3-BF4B-00C04F79EFBC}") = "WowDataTest", "WowDataTest\WowDataTest.csproj", "{676F85FA-6BF9-4CA2-893B-96E0CD74BA29}"
EndProject
Project("{2150E333-8FDC-42A3-9474-1A3956D46DE8}") = "Solution Items", "Solution Items", "{079B7D62-6EF2-4F46-9DD9-24E24E748477}"
	ProjectSection(SolutionItems) = preProject
		Local.testsettings = Local.testsettings
		TraceAndTestImpact.testsettings = TraceAndTestImpact.testsettings
		WowLogAnalyzer.vsmdi = WowLogAnalyzer.vsmdi
	EndProjectSection
EndProject
Project("{FAE04EC0-301F-11D3-BF4B-00C04F79EFBC}") = "ConsoleTest", "ConsoleTest\ConsoleTest.csproj", "{A218C4C1-B096-4FD8-93BD-8E6F30A0547A}"
EndProject
Global
	GlobalSection(TestCaseManagementSettings) = postSolution
		CategoryFile = WowLogAnalyzer.vsmdi
	EndGlobalSection
	GlobalSection(SolutionConfigurationPlatforms) = preSolution
		Debug|Any CPU = Debug|Any CPU
		Debug|Mixed Platforms = Debug|Mixed Platforms
		Debug|x86 = Debug|x86
		Release|Any CPU = Release|Any CPU
		Release|Mixed Platforms = Release|Mixed Platforms
		Release|x86 = Release|x86
	EndGlobalSection
	GlobalSection(ProjectConfigurationPlatforms) = postSolution
		{7D70DA38-EEC9-4FA6-B179-913CD6A76AC0}.Debug|Any CPU.ActiveCfg = Debug|x86
		{7D70DA38-EEC9-4FA6-B179-913CD6A76AC0}.Debug|Mixed Platforms.ActiveCfg = Debug|x86
		{7D70DA38-EEC9-4FA6-B179-913CD6A76AC0}.Debug|Mixed Platforms.Build.0 = Debug|x86
		{7D70DA38-EEC9-4FA6-B179-913CD6A76AC0}.Debug|x86.ActiveCfg = Debug|x86
		{7D70DA38-EEC9-4FA6-B179-913CD6A76AC0}.Debug|x86.Build.0 = Debug|x86
		{7D70DA38-EEC9-4FA6-B179-913CD6A76AC0}.Release|Any CPU.ActiveCfg = Release|x86
		{7D70DA38-EEC9-4FA6-B179-913CD6A76AC0}.Release|Mixed Platforms.ActiveCfg = Release|x86
		{7D70DA38-EEC9-4FA6-B179-913CD6A76AC0}.Release|Mixed Platforms.Build.0 = Release|x86
		{7D70DA38-EEC9-4FA6-B179-913CD6A76AC0}.Release|x86.ActiveCfg = Release|x86
		{7D70DA38-EEC9-4FA6-B179-913CD6A76AC0}.Release|x86.Build.0 = Release|x86
		{F63FB999-2395-47D6-95E9-4CD63EEAEA08}.Debug|Any CPU.ActiveCfg = Debug|Any CPU
		{F63FB999-2395-47D6-95E9-4CD63EEAEA08}.Debug|Any CPU.Build.0 = Debug|Any CPU
		{F63FB999-2395-47D6-95E9-4CD63EEAEA08}.Debug|Mixed Platforms.ActiveCfg = Debug|Any CPU
		{F63FB999-2395-47D6-95E9-4CD63EEAEA08}.Debug|Mixed Platforms.Build.0 = Debug|Any CPU
		{F63FB999-2395-47D6-95E9-4CD63EEAEA08}.Debug|x86.ActiveCfg = Debug|Any CPU
		{F63FB999-2395-47D6-95E9-4CD63EEAEA08}.Debug|x86.Build.0 = Debug|Any CPU
		{F63FB999-2395-47D6-95E9-4CD63EEAEA08}.Release|Any CPU.ActiveCfg = Release|Any CPU
		{F63FB999-2395-47D6-95E9-4CD63EEAEA08}.Release|Any CPU.Build.0 = Release|Any CPU
		{F63FB999-2395-47D6-95E9-4CD63EEAEA08}.Release|Mixed Platforms.ActiveCfg = Release|Any CPU
		{F63FB999-2395-47D6-95E9-4CD63EEAEA08}.Release|Mixed Platforms.Build.0 = Release|Any CPU
		{F63FB999-2395-47D6-95E9-4CD63EEAEA08}.Release|x86.ActiveCfg = Release|Any CPU
		{676F85FA-6BF9-4CA2-893B-96E0CD74BA29}.Debug|Any CPU.ActiveCfg = Debug|Any CPU
		{676F85FA-6BF9-4CA2-893B-96E0CD74BA29}.Debug|Any CPU.Build.0 = Debug|Any CPU
		{676F85FA-6BF9-4CA2-893B-96E0CD74BA29}.Debug|Mixed Platforms.ActiveCfg = Debug|Any CPU
		{676F85FA-6BF9-4CA2-893B-96E0CD74BA29}.Debug|Mixed Platforms.Build.0 = Debug|Any CPU
		{676F85FA-6BF9-4CA2-893B-96E0CD74BA29}.Debug|x86.ActiveCfg = Debug|Any CPU
		{676F85FA-6BF9-4CA2-893B-96E0CD74BA29}.Debug|x86.Build.0 = Debug|Any CPU
		{676F85FA-6BF9-4CA2-893B-96E0CD74BA29}.Release|Any CPU.ActiveCfg = Release|Any CPU
		{676F85FA-6BF9-4CA2-893B-96E0CD74BA29}.Release|Any CPU.Build.0 = Release|Any CPU
		{676F85FA-6BF9-4CA2-893B-96E0CD74BA29}.Release|Mixed Platforms.ActiveCfg = Release|Any CPU
		{676F85FA-6BF9-4CA2-893B-96E0CD74BA29}.Release|Mixed Platforms.Build.0 = Release|Any CPU
		{676F85FA-6BF9-4CA2-893B-96E0CD74BA29}.Release|x86.ActiveCfg = Release|Any CPU
		{A218C4C1-B096-4FD8-93BD-8E6F30A0547A}.Debug|Any CPU.ActiveCfg = Debug|x86
		{A218C4C1-B096-4FD8-93BD-8E6F30A0547A}.Debug|Mixed Platforms.ActiveCfg = Debug|x86
		{A218C4C1-B096-4FD8-93BD-8E6F30A0547A}.Debug|Mixed Platforms.Build.0 = Debug|x86
		{A218C4C1-B096-4FD8-93BD-8E6F30A0547A}.Debug|x86.ActiveCfg = Debug|x86
		{A218C4C1-B096-4FD8-93BD-8E6F30A0547A}.Debug|x86.Build.0 = Debug|x86
		{A218C4C1-B096-4FD8-93BD-8E6F30A0547A}.Release|Any CPU.ActiveCfg = Release|x86
		{A218C4C1-B096-4FD8-93BD-8E6F30A0547A}.Release|Mixed Platforms.ActiveCfg = Release|x86
		{A218C4C1-B096-4FD8-93BD-8E6F30A0547A}.Release|Mixed Platforms.Build.0 = Release|x86
		{A218C4C1-B096-4FD8-93BD-8E6F30A0547A}.Release|x86.ActiveCfg = Release|x86
		{A218C4C1-B096-4FD8-93BD-8E6F30A0547A}.Release|x86.Build.0 = Release|x86
	EndGlobalSection
	GlobalSection(SolutionProperties) = preSolution
		HideSolutionNode = FALSE
	EndGlobalSection
EndGlobal
